
Microsoft Visual Studio Solution File, Format Version 12.00
# Visual Studio 2013
VisualStudioVersion = 12.0.21005.1
MinimumVisualStudioVersion = 10.0.40219.1
Project("{FAE04EC0-301F-11D3-BF4B-00C04F79EFBC}") = "FestivalCMS", "FestivalCMS\FestivalCMS.csproj", "{2694818B-4F1D-40F3-A8CF-A4ABB8151BBF}"
EndProject
Project("{FAE04EC0-301F-11D3-BF4B-00C04F79EFBC}") = "FestivalCMS.Tests", "FestivalCMS.Tests\FestivalCMS.Tests.csproj", "{8B4CA514-5209-4557-833F-07E1090DB772}"
EndProject
Global
	GlobalSection(TeamFoundationVersionControl) = preSolution
		SccNumberOfProjects = 3
		SccEnterpriseProvider = {4CA58AB2-18FA-4F8D-95D4-32DDF27D184C}
		SccTeamFoundationServer = https://andriylakhno.visualstudio.com/defaultcollection
		SccLocalPath0 = .
		SccProjectUniqueName1 = FestivalCMS.Tests\\FestivalCMS.Tests.csproj
		SccProjectName1 = FestivalCMS.Tests
		SccLocalPath1 = FestivalCMS.Tests
		SccProjectUniqueName2 = FestivalCMS\\FestivalCMS.csproj
		SccProjectName2 = FestivalCMS
		SccLocalPath2 = FestivalCMS
	EndGlobalSection
	GlobalSection(SolutionConfigurationPlatforms) = preSolution
		Debug|Any CPU = Debug|Any CPU
		Release|Any CPU = Release|Any CPU
	EndGlobalSection
	GlobalSection(ProjectConfigurationPlatforms) = postSolution
		{2694818B-4F1D-40F3-A8CF-A4ABB8151BBF}.Debug|Any CPU.ActiveCfg = Debug|Any CPU
		{2694818B-4F1D-40F3-A8CF-A4ABB8151BBF}.Debug|Any CPU.Build.0 = Debug|Any CPU
		{2694818B-4F1D-40F3-A8CF-A4ABB8151BBF}.Release|Any CPU.ActiveCfg = Release|Any CPU
		{2694818B-4F1D-40F3-A8CF-A4ABB8151BBF}.Release|Any CPU.Build.0 = Release|Any CPU
		{8B4CA514-5209-4557-833F-07E1090DB772}.Debug|Any CPU.ActiveCfg = Debug|Any CPU
		{8B4CA514-5209-4557-833F-07E1090DB772}.Debug|Any CPU.Build.0 = Debug|Any CPU
		{8B4CA514-5209-4557-833F-07E1090DB772}.Release|Any CPU.ActiveCfg = Release|Any CPU
		{8B4CA514-5209-4557-833F-07E1090DB772}.Release|Any CPU.Build.0 = Release|Any CPU
	EndGlobalSection
	GlobalSection(SolutionProperties) = preSolution
		HideSolutionNode = FALSE
	EndGlobalSection
EndGlobal
